
Microsoft Visual Studio Solution File, Format Version 12.00
# Visual Studio Version 16
VisualStudioVersion = 16.0.31702.278
MinimumVisualStudioVersion = 10.0.40219.1
Project("{FAE04EC0-301F-11D3-BF4B-00C04F79EFBC}") = "Recupero_compito", "Recupero_compito\Recupero_compito.csproj", "{6DD20154-0267-40BD-8262-ABF46955C09F}"
EndProject
Global
	GlobalSection(SolutionConfigurationPlatforms) = preSolution
		Debug|Any CPU = Debug|Any CPU
		Release|Any CPU = Release|Any CPU
	EndGlobalSection
	GlobalSection(ProjectConfigurationPlatforms) = postSolution
		{6DD20154-0267-40BD-8262-ABF46955C09F}.Debug|Any CPU.ActiveCfg = Debug|Any CPU
		{6DD20154-0267-40BD-8262-ABF46955C09F}.Debug|Any CPU.Build.0 = Debug|Any CPU
		{6DD20154-0267-40BD-8262-ABF46955C09F}.Release|Any CPU.ActiveCfg = Release|Any CPU
		{6DD20154-0267-40BD-8262-ABF46955C09F}.Release|Any CPU.Build.0 = Release|Any CPU
	EndGlobalSection
	GlobalSection(SolutionProperties) = preSolution
		HideSolutionNode = FALSE
	EndGlobalSection
	GlobalSection(ExtensibilityGlobals) = postSolution
		SolutionGuid = {592B5A5E-2685-4D30-9584-19AC47B3F92A}
	EndGlobalSection
EndGlobal
