
Microsoft Visual Studio Solution File, Format Version 12.00
# Visual Studio Version 16
VisualStudioVersion = 16.0.29411.108
MinimumVisualStudioVersion = 10.0.40219.1
Project("{FAE04EC0-301F-11D3-BF4B-00C04F79EFBC}") = "Ex02 FormMDI", "Ex02 FormMDI\Ex02 FormMDI.csproj", "{AEE4D3B7-95D9-4121-8844-66753F067694}"
EndProject
Global
	GlobalSection(SolutionConfigurationPlatforms) = preSolution
		Debug|Any CPU = Debug|Any CPU
		Release|Any CPU = Release|Any CPU
	EndGlobalSection
	GlobalSection(ProjectConfigurationPlatforms) = postSolution
		{AEE4D3B7-95D9-4121-8844-66753F067694}.Debug|Any CPU.ActiveCfg = Debug|Any CPU
		{AEE4D3B7-95D9-4121-8844-66753F067694}.Debug|Any CPU.Build.0 = Debug|Any CPU
		{AEE4D3B7-95D9-4121-8844-66753F067694}.Release|Any CPU.ActiveCfg = Release|Any CPU
		{AEE4D3B7-95D9-4121-8844-66753F067694}.Release|Any CPU.Build.0 = Release|Any CPU
	EndGlobalSection
	GlobalSection(SolutionProperties) = preSolution
		HideSolutionNode = FALSE
	EndGlobalSection
	GlobalSection(ExtensibilityGlobals) = postSolution
		SolutionGuid = {82B78ABC-82F9-48DA-81CB-A61243026826}
	EndGlobalSection
EndGlobal
