
Microsoft Visual Studio Solution File, Format Version 12.00
# Visual Studio Version 17
VisualStudioVersion = 17.0.31919.166
MinimumVisualStudioVersion = 10.0.40219.1
Project("{FAE04EC0-301F-11D3-BF4B-00C04F79EFBC}") = "Stringhe", "Stringhe\Stringhe.csproj", "{0BEE97CA-1EC1-4C20-894A-3B6916C52F8B}"
EndProject
Global
	GlobalSection(SolutionConfigurationPlatforms) = preSolution
		Debug|Any CPU = Debug|Any CPU
		Release|Any CPU = Release|Any CPU
	EndGlobalSection
	GlobalSection(ProjectConfigurationPlatforms) = postSolution
		{0BEE97CA-1EC1-4C20-894A-3B6916C52F8B}.Debug|Any CPU.ActiveCfg = Debug|Any CPU
		{0BEE97CA-1EC1-4C20-894A-3B6916C52F8B}.Debug|Any CPU.Build.0 = Debug|Any CPU
		{0BEE97CA-1EC1-4C20-894A-3B6916C52F8B}.Release|Any CPU.ActiveCfg = Release|Any CPU
		{0BEE97CA-1EC1-4C20-894A-3B6916C52F8B}.Release|Any CPU.Build.0 = Release|Any CPU
	EndGlobalSection
	GlobalSection(SolutionProperties) = preSolution
		HideSolutionNode = FALSE
	EndGlobalSection
	GlobalSection(ExtensibilityGlobals) = postSolution
		SolutionGuid = {12DE0B0C-3603-4283-898A-0CA461AF6A07}
	EndGlobalSection
EndGlobal
