
Microsoft Visual Studio Solution File, Format Version 12.00
# Visual Studio Version 16
VisualStudioVersion = 16.0.29411.108
MinimumVisualStudioVersion = 10.0.40219.1
Project("{FAE04EC0-301F-11D3-BF4B-00C04F79EFBC}") = "Ex35pag52", "Ex35pag52\Ex35pag52.csproj", "{46C919A3-A2F7-4D39-9834-0AABF96641A2}"
EndProject
Global
	GlobalSection(SolutionConfigurationPlatforms) = preSolution
		Debug|Any CPU = Debug|Any CPU
		Release|Any CPU = Release|Any CPU
	EndGlobalSection
	GlobalSection(ProjectConfigurationPlatforms) = postSolution
		{46C919A3-A2F7-4D39-9834-0AABF96641A2}.Debug|Any CPU.ActiveCfg = Debug|Any CPU
		{46C919A3-A2F7-4D39-9834-0AABF96641A2}.Debug|Any CPU.Build.0 = Debug|Any CPU
		{46C919A3-A2F7-4D39-9834-0AABF96641A2}.Release|Any CPU.ActiveCfg = Release|Any CPU
		{46C919A3-A2F7-4D39-9834-0AABF96641A2}.Release|Any CPU.Build.0 = Release|Any CPU
	EndGlobalSection
	GlobalSection(SolutionProperties) = preSolution
		HideSolutionNode = FALSE
	EndGlobalSection
	GlobalSection(ExtensibilityGlobals) = postSolution
		SolutionGuid = {994EA686-A7DF-4D99-80BD-24DB82DFD797}
	EndGlobalSection
EndGlobal
