
Microsoft Visual Studio Solution File, Format Version 12.00
# Visual Studio Version 16
VisualStudioVersion = 16.0.29411.108
MinimumVisualStudioVersion = 10.0.40219.1
Project("{FAE04EC0-301F-11D3-BF4B-00C04F79EFBC}") = "Ex04 Squadra calcio", "Ex04 Squadra calcio\Ex04 Squadra calcio.csproj", "{C4ABBD4C-8BEF-4F03-89B0-A817954C7514}"
EndProject
Global
	GlobalSection(SolutionConfigurationPlatforms) = preSolution
		Debug|Any CPU = Debug|Any CPU
		Release|Any CPU = Release|Any CPU
	EndGlobalSection
	GlobalSection(ProjectConfigurationPlatforms) = postSolution
		{C4ABBD4C-8BEF-4F03-89B0-A817954C7514}.Debug|Any CPU.ActiveCfg = Debug|Any CPU
		{C4ABBD4C-8BEF-4F03-89B0-A817954C7514}.Debug|Any CPU.Build.0 = Debug|Any CPU
		{C4ABBD4C-8BEF-4F03-89B0-A817954C7514}.Release|Any CPU.ActiveCfg = Release|Any CPU
		{C4ABBD4C-8BEF-4F03-89B0-A817954C7514}.Release|Any CPU.Build.0 = Release|Any CPU
	EndGlobalSection
	GlobalSection(SolutionProperties) = preSolution
		HideSolutionNode = FALSE
	EndGlobalSection
	GlobalSection(ExtensibilityGlobals) = postSolution
		SolutionGuid = {523EF3CC-D79E-4106-AD77-221FE15FD77C}
	EndGlobalSection
EndGlobal
