
Microsoft Visual Studio Solution File, Format Version 12.00
# Visual Studio Version 17
VisualStudioVersion = 17.0.31919.166
MinimumVisualStudioVersion = 10.0.40219.1
Project("{FAE04EC0-301F-11D3-BF4B-00C04F79EFBC}") = "creazioneDinamicaControlli", "creazioneDinamicaControlli\creazioneDinamicaControlli.csproj", "{6314DC0C-B4F6-4FF5-A748-CB815241BA11}"
EndProject
Global
	GlobalSection(SolutionConfigurationPlatforms) = preSolution
		Debug|Any CPU = Debug|Any CPU
		Release|Any CPU = Release|Any CPU
	EndGlobalSection
	GlobalSection(ProjectConfigurationPlatforms) = postSolution
		{6314DC0C-B4F6-4FF5-A748-CB815241BA11}.Debug|Any CPU.ActiveCfg = Debug|Any CPU
		{6314DC0C-B4F6-4FF5-A748-CB815241BA11}.Debug|Any CPU.Build.0 = Debug|Any CPU
		{6314DC0C-B4F6-4FF5-A748-CB815241BA11}.Release|Any CPU.ActiveCfg = Release|Any CPU
		{6314DC0C-B4F6-4FF5-A748-CB815241BA11}.Release|Any CPU.Build.0 = Release|Any CPU
	EndGlobalSection
	GlobalSection(SolutionProperties) = preSolution
		HideSolutionNode = FALSE
	EndGlobalSection
	GlobalSection(ExtensibilityGlobals) = postSolution
		SolutionGuid = {B9CD9AAA-01C0-4949-AF86-9008152F5D2A}
	EndGlobalSection
EndGlobal
