
Microsoft Visual Studio Solution File, Format Version 12.00
# Visual Studio Version 16
VisualStudioVersion = 16.0.29411.108
MinimumVisualStudioVersion = 10.0.40219.1
Project("{FAE04EC0-301F-11D3-BF4B-00C04F79EFBC}") = "Ex4pag64", "Ex4pag64\Ex4pag64.csproj", "{E7A30EAF-09A2-4428-8302-1E43ECAEA9D7}"
EndProject
Global
	GlobalSection(SolutionConfigurationPlatforms) = preSolution
		Debug|Any CPU = Debug|Any CPU
		Release|Any CPU = Release|Any CPU
	EndGlobalSection
	GlobalSection(ProjectConfigurationPlatforms) = postSolution
		{E7A30EAF-09A2-4428-8302-1E43ECAEA9D7}.Debug|Any CPU.ActiveCfg = Debug|Any CPU
		{E7A30EAF-09A2-4428-8302-1E43ECAEA9D7}.Debug|Any CPU.Build.0 = Debug|Any CPU
		{E7A30EAF-09A2-4428-8302-1E43ECAEA9D7}.Release|Any CPU.ActiveCfg = Release|Any CPU
		{E7A30EAF-09A2-4428-8302-1E43ECAEA9D7}.Release|Any CPU.Build.0 = Release|Any CPU
	EndGlobalSection
	GlobalSection(SolutionProperties) = preSolution
		HideSolutionNode = FALSE
	EndGlobalSection
	GlobalSection(ExtensibilityGlobals) = postSolution
		SolutionGuid = {163F06BC-9963-415F-AAB8-0416D8BBF053}
	EndGlobalSection
EndGlobal
