
Microsoft Visual Studio Solution File, Format Version 12.00
# Visual Studio Version 16
VisualStudioVersion = 16.0.29411.108
MinimumVisualStudioVersion = 10.0.40219.1
Project("{FAE04EC0-301F-11D3-BF4B-00C04F79EFBC}") = "Ex1pag84", "Ex1pag84\Ex1pag84.csproj", "{F9C046C9-908E-4914-981E-EDCC936DF8CF}"
EndProject
Global
	GlobalSection(SolutionConfigurationPlatforms) = preSolution
		Debug|Any CPU = Debug|Any CPU
		Release|Any CPU = Release|Any CPU
	EndGlobalSection
	GlobalSection(ProjectConfigurationPlatforms) = postSolution
		{F9C046C9-908E-4914-981E-EDCC936DF8CF}.Debug|Any CPU.ActiveCfg = Debug|Any CPU
		{F9C046C9-908E-4914-981E-EDCC936DF8CF}.Debug|Any CPU.Build.0 = Debug|Any CPU
		{F9C046C9-908E-4914-981E-EDCC936DF8CF}.Release|Any CPU.ActiveCfg = Release|Any CPU
		{F9C046C9-908E-4914-981E-EDCC936DF8CF}.Release|Any CPU.Build.0 = Release|Any CPU
	EndGlobalSection
	GlobalSection(SolutionProperties) = preSolution
		HideSolutionNode = FALSE
	EndGlobalSection
	GlobalSection(ExtensibilityGlobals) = postSolution
		SolutionGuid = {238218E8-BB5C-4F3E-8830-0F4F671C249D}
	EndGlobalSection
EndGlobal
