
Microsoft Visual Studio Solution File, Format Version 12.00
# Visual Studio Version 16
VisualStudioVersion = 16.0.29411.108
MinimumVisualStudioVersion = 10.0.40219.1
Project("{FAE04EC0-301F-11D3-BF4B-00C04F79EFBC}") = "Ex32pag52", "Ex32pag52\Ex32pag52.csproj", "{8B30E140-C7B7-4214-83C0-3D0BFD4E0321}"
EndProject
Global
	GlobalSection(SolutionConfigurationPlatforms) = preSolution
		Debug|Any CPU = Debug|Any CPU
		Release|Any CPU = Release|Any CPU
	EndGlobalSection
	GlobalSection(ProjectConfigurationPlatforms) = postSolution
		{8B30E140-C7B7-4214-83C0-3D0BFD4E0321}.Debug|Any CPU.ActiveCfg = Debug|Any CPU
		{8B30E140-C7B7-4214-83C0-3D0BFD4E0321}.Debug|Any CPU.Build.0 = Debug|Any CPU
		{8B30E140-C7B7-4214-83C0-3D0BFD4E0321}.Release|Any CPU.ActiveCfg = Release|Any CPU
		{8B30E140-C7B7-4214-83C0-3D0BFD4E0321}.Release|Any CPU.Build.0 = Release|Any CPU
	EndGlobalSection
	GlobalSection(SolutionProperties) = preSolution
		HideSolutionNode = FALSE
	EndGlobalSection
	GlobalSection(ExtensibilityGlobals) = postSolution
		SolutionGuid = {7FA655D0-7CAF-4F75-AE79-139D170158E2}
	EndGlobalSection
EndGlobal
