
Microsoft Visual Studio Solution File, Format Version 12.00
# Visual Studio Version 16
VisualStudioVersion = 16.0.31624.102
MinimumVisualStudioVersion = 10.0.40219.1
Project("{FAE04EC0-301F-11D3-BF4B-00C04F79EFBC}") = "Ex12pag51", "Ex12pag51\Ex12pag51.csproj", "{899E5B54-CB73-41B4-936E-187E276CA2E3}"
EndProject
Global
	GlobalSection(SolutionConfigurationPlatforms) = preSolution
		Debug|Any CPU = Debug|Any CPU
		Release|Any CPU = Release|Any CPU
	EndGlobalSection
	GlobalSection(ProjectConfigurationPlatforms) = postSolution
		{899E5B54-CB73-41B4-936E-187E276CA2E3}.Debug|Any CPU.ActiveCfg = Debug|Any CPU
		{899E5B54-CB73-41B4-936E-187E276CA2E3}.Debug|Any CPU.Build.0 = Debug|Any CPU
		{899E5B54-CB73-41B4-936E-187E276CA2E3}.Release|Any CPU.ActiveCfg = Release|Any CPU
		{899E5B54-CB73-41B4-936E-187E276CA2E3}.Release|Any CPU.Build.0 = Release|Any CPU
	EndGlobalSection
	GlobalSection(SolutionProperties) = preSolution
		HideSolutionNode = FALSE
	EndGlobalSection
	GlobalSection(ExtensibilityGlobals) = postSolution
		SolutionGuid = {F7F23503-AF43-43F2-AE99-1705F6D72B44}
	EndGlobalSection
EndGlobal
