
Microsoft Visual Studio Solution File, Format Version 12.00
# Visual Studio Version 16
VisualStudioVersion = 16.0.29411.108
MinimumVisualStudioVersion = 10.0.40219.1
Project("{FAE04EC0-301F-11D3-BF4B-00C04F79EFBC}") = "Trasmissione_Parametri", "Trasmissione_Parametri\Trasmissione_Parametri.csproj", "{0969B46E-5A66-44CC-AA76-356B298049F9}"
EndProject
Global
	GlobalSection(SolutionConfigurationPlatforms) = preSolution
		Debug|Any CPU = Debug|Any CPU
		Release|Any CPU = Release|Any CPU
	EndGlobalSection
	GlobalSection(ProjectConfigurationPlatforms) = postSolution
		{0969B46E-5A66-44CC-AA76-356B298049F9}.Debug|Any CPU.ActiveCfg = Debug|Any CPU
		{0969B46E-5A66-44CC-AA76-356B298049F9}.Debug|Any CPU.Build.0 = Debug|Any CPU
		{0969B46E-5A66-44CC-AA76-356B298049F9}.Release|Any CPU.ActiveCfg = Release|Any CPU
		{0969B46E-5A66-44CC-AA76-356B298049F9}.Release|Any CPU.Build.0 = Release|Any CPU
	EndGlobalSection
	GlobalSection(SolutionProperties) = preSolution
		HideSolutionNode = FALSE
	EndGlobalSection
	GlobalSection(ExtensibilityGlobals) = postSolution
		SolutionGuid = {A3F3587E-6926-4CF5-A663-86AF03FF75EA}
	EndGlobalSection
EndGlobal
