
Microsoft Visual Studio Solution File, Format Version 12.00
# Visual Studio Version 16
VisualStudioVersion = 16.0.29411.108
MinimumVisualStudioVersion = 10.0.40219.1
Project("{FAE04EC0-301F-11D3-BF4B-00C04F79EFBC}") = "Insiemistica", "Insiemistica\Insiemistica.csproj", "{2C721DD8-551D-4A31-9E15-4020BDF09A55}"
EndProject
Global
	GlobalSection(SolutionConfigurationPlatforms) = preSolution
		Debug|Any CPU = Debug|Any CPU
		Release|Any CPU = Release|Any CPU
	EndGlobalSection
	GlobalSection(ProjectConfigurationPlatforms) = postSolution
		{2C721DD8-551D-4A31-9E15-4020BDF09A55}.Debug|Any CPU.ActiveCfg = Debug|Any CPU
		{2C721DD8-551D-4A31-9E15-4020BDF09A55}.Debug|Any CPU.Build.0 = Debug|Any CPU
		{2C721DD8-551D-4A31-9E15-4020BDF09A55}.Release|Any CPU.ActiveCfg = Release|Any CPU
		{2C721DD8-551D-4A31-9E15-4020BDF09A55}.Release|Any CPU.Build.0 = Release|Any CPU
	EndGlobalSection
	GlobalSection(SolutionProperties) = preSolution
		HideSolutionNode = FALSE
	EndGlobalSection
	GlobalSection(ExtensibilityGlobals) = postSolution
		SolutionGuid = {D7D0860C-A1EA-4510-88F8-B69E1F21C8E8}
	EndGlobalSection
EndGlobal
