
Microsoft Visual Studio Solution File, Format Version 12.00
# Visual Studio Version 16
VisualStudioVersion = 16.0.29411.108
MinimumVisualStudioVersion = 10.0.40219.1
Project("{FAE04EC0-301F-11D3-BF4B-00C04F79EFBC}") = "Asterischi01", "Asterischi01\Asterischi01.csproj", "{92856EB7-AE1F-4BEE-9034-2F2BABE73816}"
EndProject
Global
	GlobalSection(SolutionConfigurationPlatforms) = preSolution
		Debug|Any CPU = Debug|Any CPU
		Release|Any CPU = Release|Any CPU
	EndGlobalSection
	GlobalSection(ProjectConfigurationPlatforms) = postSolution
		{92856EB7-AE1F-4BEE-9034-2F2BABE73816}.Debug|Any CPU.ActiveCfg = Debug|Any CPU
		{92856EB7-AE1F-4BEE-9034-2F2BABE73816}.Debug|Any CPU.Build.0 = Debug|Any CPU
		{92856EB7-AE1F-4BEE-9034-2F2BABE73816}.Release|Any CPU.ActiveCfg = Release|Any CPU
		{92856EB7-AE1F-4BEE-9034-2F2BABE73816}.Release|Any CPU.Build.0 = Release|Any CPU
	EndGlobalSection
	GlobalSection(SolutionProperties) = preSolution
		HideSolutionNode = FALSE
	EndGlobalSection
	GlobalSection(ExtensibilityGlobals) = postSolution
		SolutionGuid = {40F7D774-F2C4-490F-AFB0-C57B3F3EB2D0}
	EndGlobalSection
EndGlobal
