
Microsoft Visual Studio Solution File, Format Version 12.00
# Visual Studio Version 16
VisualStudioVersion = 16.0.31624.102
MinimumVisualStudioVersion = 10.0.40219.1
Project("{FAE04EC0-301F-11D3-BF4B-00C04F79EFBC}") = "Ex9pag150", "Ex9pag150\Ex9pag150.csproj", "{3478A5EF-B0D6-4BBA-B89F-8939D0DE2533}"
EndProject
Global
	GlobalSection(SolutionConfigurationPlatforms) = preSolution
		Debug|Any CPU = Debug|Any CPU
		Release|Any CPU = Release|Any CPU
	EndGlobalSection
	GlobalSection(ProjectConfigurationPlatforms) = postSolution
		{3478A5EF-B0D6-4BBA-B89F-8939D0DE2533}.Debug|Any CPU.ActiveCfg = Debug|Any CPU
		{3478A5EF-B0D6-4BBA-B89F-8939D0DE2533}.Debug|Any CPU.Build.0 = Debug|Any CPU
		{3478A5EF-B0D6-4BBA-B89F-8939D0DE2533}.Release|Any CPU.ActiveCfg = Release|Any CPU
		{3478A5EF-B0D6-4BBA-B89F-8939D0DE2533}.Release|Any CPU.Build.0 = Release|Any CPU
	EndGlobalSection
	GlobalSection(SolutionProperties) = preSolution
		HideSolutionNode = FALSE
	EndGlobalSection
	GlobalSection(ExtensibilityGlobals) = postSolution
		SolutionGuid = {B8AEBC71-9222-4D83-ACEB-45432AAF2AE7}
	EndGlobalSection
EndGlobal
