
Microsoft Visual Studio Solution File, Format Version 12.00
# Visual Studio Version 16
VisualStudioVersion = 16.0.31321.278
MinimumVisualStudioVersion = 10.0.40219.1
Project("{FAE04EC0-301F-11D3-BF4B-00C04F79EFBC}") = "n9pag150", "n9pag150\n9pag150.csproj", "{FD458208-0E60-4A8A-A864-CC2DA2865D54}"
EndProject
Global
	GlobalSection(SolutionConfigurationPlatforms) = preSolution
		Debug|Any CPU = Debug|Any CPU
		Release|Any CPU = Release|Any CPU
	EndGlobalSection
	GlobalSection(ProjectConfigurationPlatforms) = postSolution
		{FD458208-0E60-4A8A-A864-CC2DA2865D54}.Debug|Any CPU.ActiveCfg = Debug|Any CPU
		{FD458208-0E60-4A8A-A864-CC2DA2865D54}.Debug|Any CPU.Build.0 = Debug|Any CPU
		{FD458208-0E60-4A8A-A864-CC2DA2865D54}.Release|Any CPU.ActiveCfg = Release|Any CPU
		{FD458208-0E60-4A8A-A864-CC2DA2865D54}.Release|Any CPU.Build.0 = Release|Any CPU
	EndGlobalSection
	GlobalSection(SolutionProperties) = preSolution
		HideSolutionNode = FALSE
	EndGlobalSection
	GlobalSection(ExtensibilityGlobals) = postSolution
		SolutionGuid = {4B24C547-8FC2-4AB9-B9E7-4AB75758C55E}
	EndGlobalSection
EndGlobal
