
Microsoft Visual Studio Solution File, Format Version 12.00
# Visual Studio Version 16
VisualStudioVersion = 16.0.31624.102
MinimumVisualStudioVersion = 10.0.40219.1
Project("{FAE04EC0-301F-11D3-BF4B-00C04F79EFBC}") = "SimulazioneOrdinamento", "SimulazioneOrdinamento\SimulazioneOrdinamento.csproj", "{846E5A49-245B-440F-94EA-FF74E678F635}"
EndProject
Global
	GlobalSection(SolutionConfigurationPlatforms) = preSolution
		Debug|Any CPU = Debug|Any CPU
		Release|Any CPU = Release|Any CPU
	EndGlobalSection
	GlobalSection(ProjectConfigurationPlatforms) = postSolution
		{846E5A49-245B-440F-94EA-FF74E678F635}.Debug|Any CPU.ActiveCfg = Debug|Any CPU
		{846E5A49-245B-440F-94EA-FF74E678F635}.Debug|Any CPU.Build.0 = Debug|Any CPU
		{846E5A49-245B-440F-94EA-FF74E678F635}.Release|Any CPU.ActiveCfg = Release|Any CPU
		{846E5A49-245B-440F-94EA-FF74E678F635}.Release|Any CPU.Build.0 = Release|Any CPU
	EndGlobalSection
	GlobalSection(SolutionProperties) = preSolution
		HideSolutionNode = FALSE
	EndGlobalSection
	GlobalSection(ExtensibilityGlobals) = postSolution
		SolutionGuid = {FFF88B90-6EEC-4E86-9E0C-1BFCD08A9EEA}
	EndGlobalSection
EndGlobal
