
Microsoft Visual Studio Solution File, Format Version 12.00
# Visual Studio Version 17
VisualStudioVersion = 17.2.32616.157
MinimumVisualStudioVersion = 10.0.40219.1
Project("{FAE04EC0-301F-11D3-BF4B-00C04F79EFBC}") = "Ex17", "Ex17\Ex17.csproj", "{94C07987-1FEA-42A3-99E3-688354BBA671}"
EndProject
Global
	GlobalSection(SolutionConfigurationPlatforms) = preSolution
		Debug|Any CPU = Debug|Any CPU
		Release|Any CPU = Release|Any CPU
	EndGlobalSection
	GlobalSection(ProjectConfigurationPlatforms) = postSolution
		{94C07987-1FEA-42A3-99E3-688354BBA671}.Debug|Any CPU.ActiveCfg = Debug|Any CPU
		{94C07987-1FEA-42A3-99E3-688354BBA671}.Debug|Any CPU.Build.0 = Debug|Any CPU
		{94C07987-1FEA-42A3-99E3-688354BBA671}.Release|Any CPU.ActiveCfg = Release|Any CPU
		{94C07987-1FEA-42A3-99E3-688354BBA671}.Release|Any CPU.Build.0 = Release|Any CPU
	EndGlobalSection
	GlobalSection(SolutionProperties) = preSolution
		HideSolutionNode = FALSE
	EndGlobalSection
	GlobalSection(ExtensibilityGlobals) = postSolution
		SolutionGuid = {C3F8BB76-56DA-40D1-A5DD-4249F26E9B26}
	EndGlobalSection
EndGlobal
