
Microsoft Visual Studio Solution File, Format Version 12.00
# Visual Studio Version 16
VisualStudioVersion = 16.0.31702.278
MinimumVisualStudioVersion = 10.0.40219.1
Project("{FAE04EC0-301F-11D3-BF4B-00C04F79EFBC}") = "Costa_07-12-21", "Costa_07-12-21\Costa_07-12-21.csproj", "{FC629F10-A20C-435B-8B8E-5501BC10211E}"
EndProject
Global
	GlobalSection(SolutionConfigurationPlatforms) = preSolution
		Debug|Any CPU = Debug|Any CPU
		Release|Any CPU = Release|Any CPU
	EndGlobalSection
	GlobalSection(ProjectConfigurationPlatforms) = postSolution
		{FC629F10-A20C-435B-8B8E-5501BC10211E}.Debug|Any CPU.ActiveCfg = Debug|Any CPU
		{FC629F10-A20C-435B-8B8E-5501BC10211E}.Debug|Any CPU.Build.0 = Debug|Any CPU
		{FC629F10-A20C-435B-8B8E-5501BC10211E}.Release|Any CPU.ActiveCfg = Release|Any CPU
		{FC629F10-A20C-435B-8B8E-5501BC10211E}.Release|Any CPU.Build.0 = Release|Any CPU
	EndGlobalSection
	GlobalSection(SolutionProperties) = preSolution
		HideSolutionNode = FALSE
	EndGlobalSection
	GlobalSection(ExtensibilityGlobals) = postSolution
		SolutionGuid = {968485CF-432E-46BF-B488-9087F9BCAE46}
	EndGlobalSection
EndGlobal
