
Microsoft Visual Studio Solution File, Format Version 12.00
# Visual Studio Version 16
VisualStudioVersion = 16.0.29411.108
MinimumVisualStudioVersion = 10.0.40219.1
Project("{FAE04EC0-301F-11D3-BF4B-00C04F79EFBC}") = "Ex24pag116", "Ex24pag116\Ex24pag116.csproj", "{2A6BD3AF-6763-46EC-95AC-CDBF89A3E95C}"
EndProject
Global
	GlobalSection(SolutionConfigurationPlatforms) = preSolution
		Debug|Any CPU = Debug|Any CPU
		Release|Any CPU = Release|Any CPU
	EndGlobalSection
	GlobalSection(ProjectConfigurationPlatforms) = postSolution
		{2A6BD3AF-6763-46EC-95AC-CDBF89A3E95C}.Debug|Any CPU.ActiveCfg = Debug|Any CPU
		{2A6BD3AF-6763-46EC-95AC-CDBF89A3E95C}.Debug|Any CPU.Build.0 = Debug|Any CPU
		{2A6BD3AF-6763-46EC-95AC-CDBF89A3E95C}.Release|Any CPU.ActiveCfg = Release|Any CPU
		{2A6BD3AF-6763-46EC-95AC-CDBF89A3E95C}.Release|Any CPU.Build.0 = Release|Any CPU
	EndGlobalSection
	GlobalSection(SolutionProperties) = preSolution
		HideSolutionNode = FALSE
	EndGlobalSection
	GlobalSection(ExtensibilityGlobals) = postSolution
		SolutionGuid = {5ECE97B3-1F30-4FC4-8213-84E587588D06}
	EndGlobalSection
EndGlobal
