
Microsoft Visual Studio Solution File, Format Version 12.00
# Visual Studio Version 16
VisualStudioVersion = 16.0.31624.102
MinimumVisualStudioVersion = 10.0.40219.1
Project("{FAE04EC0-301F-11D3-BF4B-00C04F79EFBC}") = "Ex24pag52", "Ex24pag52\Ex24pag52.csproj", "{D86A8C6B-3E30-4A69-947D-932CB5C4D759}"
EndProject
Global
	GlobalSection(SolutionConfigurationPlatforms) = preSolution
		Debug|Any CPU = Debug|Any CPU
		Release|Any CPU = Release|Any CPU
	EndGlobalSection
	GlobalSection(ProjectConfigurationPlatforms) = postSolution
		{D86A8C6B-3E30-4A69-947D-932CB5C4D759}.Debug|Any CPU.ActiveCfg = Debug|Any CPU
		{D86A8C6B-3E30-4A69-947D-932CB5C4D759}.Debug|Any CPU.Build.0 = Debug|Any CPU
		{D86A8C6B-3E30-4A69-947D-932CB5C4D759}.Release|Any CPU.ActiveCfg = Release|Any CPU
		{D86A8C6B-3E30-4A69-947D-932CB5C4D759}.Release|Any CPU.Build.0 = Release|Any CPU
	EndGlobalSection
	GlobalSection(SolutionProperties) = preSolution
		HideSolutionNode = FALSE
	EndGlobalSection
	GlobalSection(ExtensibilityGlobals) = postSolution
		SolutionGuid = {0BF1E615-A262-411D-BB74-67176E8855B6}
	EndGlobalSection
EndGlobal
