
Microsoft Visual Studio Solution File, Format Version 12.00
# Visual Studio Version 16
VisualStudioVersion = 16.0.31321.278
MinimumVisualStudioVersion = 10.0.40219.1
Project("{FAE04EC0-301F-11D3-BF4B-00C04F79EFBC}") = "scrutinioVisuale", "scrutinioVisuale\scrutinioVisuale.csproj", "{50489416-785C-4488-9226-8E8D6035A449}"
EndProject
Global
	GlobalSection(SolutionConfigurationPlatforms) = preSolution
		Debug|Any CPU = Debug|Any CPU
		Release|Any CPU = Release|Any CPU
	EndGlobalSection
	GlobalSection(ProjectConfigurationPlatforms) = postSolution
		{50489416-785C-4488-9226-8E8D6035A449}.Debug|Any CPU.ActiveCfg = Debug|Any CPU
		{50489416-785C-4488-9226-8E8D6035A449}.Debug|Any CPU.Build.0 = Debug|Any CPU
		{50489416-785C-4488-9226-8E8D6035A449}.Release|Any CPU.ActiveCfg = Release|Any CPU
		{50489416-785C-4488-9226-8E8D6035A449}.Release|Any CPU.Build.0 = Release|Any CPU
	EndGlobalSection
	GlobalSection(SolutionProperties) = preSolution
		HideSolutionNode = FALSE
	EndGlobalSection
	GlobalSection(ExtensibilityGlobals) = postSolution
		SolutionGuid = {8390FB64-AE8A-4231-96F7-BE630A087F40}
	EndGlobalSection
EndGlobal
