
Microsoft Visual Studio Solution File, Format Version 12.00
# Visual Studio Version 16
VisualStudioVersion = 16.0.29411.108
MinimumVisualStudioVersion = 10.0.40219.1
Project("{FAE04EC0-301F-11D3-BF4B-00C04F79EFBC}") = "Ex08 Ereditarieta03", "Ex08 Ereditarieta03\Ex08 Ereditarieta03.csproj", "{D55A09CD-5A3F-4A37-AE77-13FAC25293C1}"
EndProject
Global
	GlobalSection(SolutionConfigurationPlatforms) = preSolution
		Debug|Any CPU = Debug|Any CPU
		Release|Any CPU = Release|Any CPU
	EndGlobalSection
	GlobalSection(ProjectConfigurationPlatforms) = postSolution
		{D55A09CD-5A3F-4A37-AE77-13FAC25293C1}.Debug|Any CPU.ActiveCfg = Debug|Any CPU
		{D55A09CD-5A3F-4A37-AE77-13FAC25293C1}.Debug|Any CPU.Build.0 = Debug|Any CPU
		{D55A09CD-5A3F-4A37-AE77-13FAC25293C1}.Release|Any CPU.ActiveCfg = Release|Any CPU
		{D55A09CD-5A3F-4A37-AE77-13FAC25293C1}.Release|Any CPU.Build.0 = Release|Any CPU
	EndGlobalSection
	GlobalSection(SolutionProperties) = preSolution
		HideSolutionNode = FALSE
	EndGlobalSection
	GlobalSection(ExtensibilityGlobals) = postSolution
		SolutionGuid = {3B1631A9-07D3-47B0-B1AE-BCF885E66DC5}
	EndGlobalSection
EndGlobal
