
Microsoft Visual Studio Solution File, Format Version 12.00
# Visual Studio Version 17
VisualStudioVersion = 17.1.32228.430
MinimumVisualStudioVersion = 10.0.40219.1
Project("{FAE04EC0-301F-11D3-BF4B-00C04F79EFBC}") = "Ex07", "Ex07\Ex07.csproj", "{0FDC7E71-66BA-414B-BD4E-56C821D4080C}"
EndProject
Global
	GlobalSection(SolutionConfigurationPlatforms) = preSolution
		Debug|Any CPU = Debug|Any CPU
		Release|Any CPU = Release|Any CPU
	EndGlobalSection
	GlobalSection(ProjectConfigurationPlatforms) = postSolution
		{0FDC7E71-66BA-414B-BD4E-56C821D4080C}.Debug|Any CPU.ActiveCfg = Debug|Any CPU
		{0FDC7E71-66BA-414B-BD4E-56C821D4080C}.Debug|Any CPU.Build.0 = Debug|Any CPU
		{0FDC7E71-66BA-414B-BD4E-56C821D4080C}.Release|Any CPU.ActiveCfg = Release|Any CPU
		{0FDC7E71-66BA-414B-BD4E-56C821D4080C}.Release|Any CPU.Build.0 = Release|Any CPU
	EndGlobalSection
	GlobalSection(SolutionProperties) = preSolution
		HideSolutionNode = FALSE
	EndGlobalSection
	GlobalSection(ExtensibilityGlobals) = postSolution
		SolutionGuid = {4F99982E-7360-42AE-8F6D-A1435151B99F}
	EndGlobalSection
EndGlobal
