
Microsoft Visual Studio Solution File, Format Version 12.00
# Visual Studio Version 16
VisualStudioVersion = 16.0.31702.278
MinimumVisualStudioVersion = 10.0.40219.1
Project("{FAE04EC0-301F-11D3-BF4B-00C04F79EFBC}") = "Scrutinio", "Scrutinio\Scrutinio.csproj", "{6C055954-3EA3-4036-96CE-1F2F2441E2C7}"
EndProject
Global
	GlobalSection(SolutionConfigurationPlatforms) = preSolution
		Debug|Any CPU = Debug|Any CPU
		Release|Any CPU = Release|Any CPU
	EndGlobalSection
	GlobalSection(ProjectConfigurationPlatforms) = postSolution
		{6C055954-3EA3-4036-96CE-1F2F2441E2C7}.Debug|Any CPU.ActiveCfg = Debug|Any CPU
		{6C055954-3EA3-4036-96CE-1F2F2441E2C7}.Debug|Any CPU.Build.0 = Debug|Any CPU
		{6C055954-3EA3-4036-96CE-1F2F2441E2C7}.Release|Any CPU.ActiveCfg = Release|Any CPU
		{6C055954-3EA3-4036-96CE-1F2F2441E2C7}.Release|Any CPU.Build.0 = Release|Any CPU
	EndGlobalSection
	GlobalSection(SolutionProperties) = preSolution
		HideSolutionNode = FALSE
	EndGlobalSection
	GlobalSection(ExtensibilityGlobals) = postSolution
		SolutionGuid = {67CB9ADF-3602-4CC3-BF61-3F47A8183D07}
	EndGlobalSection
EndGlobal
