
Microsoft Visual Studio Solution File, Format Version 12.00
# Visual Studio Version 16
VisualStudioVersion = 16.0.29411.108
MinimumVisualStudioVersion = 10.0.40219.1
Project("{FAE04EC0-301F-11D3-BF4B-00C04F79EFBC}") = "AlgoritmiDiFusione", "AlgoritmiDiFusione\AlgoritmiDiFusione.csproj", "{86C3FD97-F69E-43E3-94EC-F989186C009F}"
EndProject
Global
	GlobalSection(SolutionConfigurationPlatforms) = preSolution
		Debug|Any CPU = Debug|Any CPU
		Release|Any CPU = Release|Any CPU
	EndGlobalSection
	GlobalSection(ProjectConfigurationPlatforms) = postSolution
		{86C3FD97-F69E-43E3-94EC-F989186C009F}.Debug|Any CPU.ActiveCfg = Debug|Any CPU
		{86C3FD97-F69E-43E3-94EC-F989186C009F}.Debug|Any CPU.Build.0 = Debug|Any CPU
		{86C3FD97-F69E-43E3-94EC-F989186C009F}.Release|Any CPU.ActiveCfg = Release|Any CPU
		{86C3FD97-F69E-43E3-94EC-F989186C009F}.Release|Any CPU.Build.0 = Release|Any CPU
	EndGlobalSection
	GlobalSection(SolutionProperties) = preSolution
		HideSolutionNode = FALSE
	EndGlobalSection
	GlobalSection(ExtensibilityGlobals) = postSolution
		SolutionGuid = {4749E238-5576-4AFB-B293-1017A5681305}
	EndGlobalSection
EndGlobal
