
Microsoft Visual Studio Solution File, Format Version 12.00
# Visual Studio Version 16
VisualStudioVersion = 16.0.29411.108
MinimumVisualStudioVersion = 10.0.40219.1
Project("{FAE04EC0-301F-11D3-BF4B-00C04F79EFBC}") = "Merge", "Merge\Merge.csproj", "{33AAAC94-3382-4637-A5ED-4734BB1591FD}"
EndProject
Global
	GlobalSection(SolutionConfigurationPlatforms) = preSolution
		Debug|Any CPU = Debug|Any CPU
		Release|Any CPU = Release|Any CPU
	EndGlobalSection
	GlobalSection(ProjectConfigurationPlatforms) = postSolution
		{33AAAC94-3382-4637-A5ED-4734BB1591FD}.Debug|Any CPU.ActiveCfg = Debug|Any CPU
		{33AAAC94-3382-4637-A5ED-4734BB1591FD}.Debug|Any CPU.Build.0 = Debug|Any CPU
		{33AAAC94-3382-4637-A5ED-4734BB1591FD}.Release|Any CPU.ActiveCfg = Release|Any CPU
		{33AAAC94-3382-4637-A5ED-4734BB1591FD}.Release|Any CPU.Build.0 = Release|Any CPU
	EndGlobalSection
	GlobalSection(SolutionProperties) = preSolution
		HideSolutionNode = FALSE
	EndGlobalSection
	GlobalSection(ExtensibilityGlobals) = postSolution
		SolutionGuid = {645D87F4-970A-433D-AA59-CCC22AC153B6}
	EndGlobalSection
EndGlobal
