
Microsoft Visual Studio Solution File, Format Version 12.00
# Visual Studio Version 16
VisualStudioVersion = 16.0.29411.108
MinimumVisualStudioVersion = 10.0.40219.1
Project("{FAE04EC0-301F-11D3-BF4B-00C04F79EFBC}") = "gestioneBaseFileText", "gestioneBaseFileText\gestioneBaseFileText.csproj", "{30D0816D-0AA6-43B4-ABEA-645912D2CCBD}"
EndProject
Global
	GlobalSection(SolutionConfigurationPlatforms) = preSolution
		Debug|Any CPU = Debug|Any CPU
		Release|Any CPU = Release|Any CPU
	EndGlobalSection
	GlobalSection(ProjectConfigurationPlatforms) = postSolution
		{30D0816D-0AA6-43B4-ABEA-645912D2CCBD}.Debug|Any CPU.ActiveCfg = Debug|Any CPU
		{30D0816D-0AA6-43B4-ABEA-645912D2CCBD}.Debug|Any CPU.Build.0 = Debug|Any CPU
		{30D0816D-0AA6-43B4-ABEA-645912D2CCBD}.Release|Any CPU.ActiveCfg = Release|Any CPU
		{30D0816D-0AA6-43B4-ABEA-645912D2CCBD}.Release|Any CPU.Build.0 = Release|Any CPU
	EndGlobalSection
	GlobalSection(SolutionProperties) = preSolution
		HideSolutionNode = FALSE
	EndGlobalSection
	GlobalSection(ExtensibilityGlobals) = postSolution
		SolutionGuid = {96D26040-FE70-4141-88E3-801AF11D2E5C}
	EndGlobalSection
EndGlobal
