
Microsoft Visual Studio Solution File, Format Version 12.00
# Visual Studio Version 16
VisualStudioVersion = 16.0.29411.108
MinimumVisualStudioVersion = 10.0.40219.1
Project("{FAE04EC0-301F-11D3-BF4B-00C04F79EFBC}") = "MenuVettori", "MenuVettori\MenuVettori.csproj", "{9A7BEBF0-ED64-4CCB-B16F-C803A15974AF}"
EndProject
Global
	GlobalSection(SolutionConfigurationPlatforms) = preSolution
		Debug|Any CPU = Debug|Any CPU
		Release|Any CPU = Release|Any CPU
	EndGlobalSection
	GlobalSection(ProjectConfigurationPlatforms) = postSolution
		{9A7BEBF0-ED64-4CCB-B16F-C803A15974AF}.Debug|Any CPU.ActiveCfg = Debug|Any CPU
		{9A7BEBF0-ED64-4CCB-B16F-C803A15974AF}.Debug|Any CPU.Build.0 = Debug|Any CPU
		{9A7BEBF0-ED64-4CCB-B16F-C803A15974AF}.Release|Any CPU.ActiveCfg = Release|Any CPU
		{9A7BEBF0-ED64-4CCB-B16F-C803A15974AF}.Release|Any CPU.Build.0 = Release|Any CPU
	EndGlobalSection
	GlobalSection(SolutionProperties) = preSolution
		HideSolutionNode = FALSE
	EndGlobalSection
	GlobalSection(ExtensibilityGlobals) = postSolution
		SolutionGuid = {775D7E8F-9436-491D-BEF3-F1F193E28976}
	EndGlobalSection
EndGlobal
