
Microsoft Visual Studio Solution File, Format Version 12.00
# Visual Studio Version 16
VisualStudioVersion = 16.0.29411.108
MinimumVisualStudioVersion = 10.0.40219.1
Project("{FAE04EC0-301F-11D3-BF4B-00C04F79EFBC}") = "Ex01HelloWorld", "Ex01HelloWorld\Ex01HelloWorld.csproj", "{6C77B7BD-1FF1-4149-B257-884E2198E9D4}"
EndProject
Global
	GlobalSection(SolutionConfigurationPlatforms) = preSolution
		Debug|Any CPU = Debug|Any CPU
		Release|Any CPU = Release|Any CPU
	EndGlobalSection
	GlobalSection(ProjectConfigurationPlatforms) = postSolution
		{6C77B7BD-1FF1-4149-B257-884E2198E9D4}.Debug|Any CPU.ActiveCfg = Debug|Any CPU
		{6C77B7BD-1FF1-4149-B257-884E2198E9D4}.Debug|Any CPU.Build.0 = Debug|Any CPU
		{6C77B7BD-1FF1-4149-B257-884E2198E9D4}.Release|Any CPU.ActiveCfg = Release|Any CPU
		{6C77B7BD-1FF1-4149-B257-884E2198E9D4}.Release|Any CPU.Build.0 = Release|Any CPU
	EndGlobalSection
	GlobalSection(SolutionProperties) = preSolution
		HideSolutionNode = FALSE
	EndGlobalSection
	GlobalSection(ExtensibilityGlobals) = postSolution
		SolutionGuid = {409F3539-E9AB-49F8-80F6-9473B6A16798}
	EndGlobalSection
EndGlobal
