
Microsoft Visual Studio Solution File, Format Version 12.00
# Visual Studio Version 17
VisualStudioVersion = 17.1.32228.430
MinimumVisualStudioVersion = 10.0.40219.1
Project("{FAE04EC0-301F-11D3-BF4B-00C04F79EFBC}") = "Ex01", "Ex01\Ex01.csproj", "{9E163359-6098-4C4C-B880-03E031456875}"
EndProject
Global
	GlobalSection(SolutionConfigurationPlatforms) = preSolution
		Debug|Any CPU = Debug|Any CPU
		Release|Any CPU = Release|Any CPU
	EndGlobalSection
	GlobalSection(ProjectConfigurationPlatforms) = postSolution
		{9E163359-6098-4C4C-B880-03E031456875}.Debug|Any CPU.ActiveCfg = Debug|Any CPU
		{9E163359-6098-4C4C-B880-03E031456875}.Debug|Any CPU.Build.0 = Debug|Any CPU
		{9E163359-6098-4C4C-B880-03E031456875}.Release|Any CPU.ActiveCfg = Release|Any CPU
		{9E163359-6098-4C4C-B880-03E031456875}.Release|Any CPU.Build.0 = Release|Any CPU
	EndGlobalSection
	GlobalSection(SolutionProperties) = preSolution
		HideSolutionNode = FALSE
	EndGlobalSection
	GlobalSection(ExtensibilityGlobals) = postSolution
		SolutionGuid = {3C0F236D-5E9A-4CFE-B5C0-7A0AD6E2F4E3}
	EndGlobalSection
EndGlobal
