
Microsoft Visual Studio Solution File, Format Version 12.00
# Visual Studio Version 16
VisualStudioVersion = 16.0.31624.102
MinimumVisualStudioVersion = 10.0.40219.1
Project("{FAE04EC0-301F-11D3-BF4B-00C04F79EFBC}") = "Ex4pag84", "Ex4pag84\Ex4pag84.csproj", "{6BE5679E-228B-4C82-8BD3-EAB047437E6B}"
EndProject
Global
	GlobalSection(SolutionConfigurationPlatforms) = preSolution
		Debug|Any CPU = Debug|Any CPU
		Release|Any CPU = Release|Any CPU
	EndGlobalSection
	GlobalSection(ProjectConfigurationPlatforms) = postSolution
		{6BE5679E-228B-4C82-8BD3-EAB047437E6B}.Debug|Any CPU.ActiveCfg = Debug|Any CPU
		{6BE5679E-228B-4C82-8BD3-EAB047437E6B}.Debug|Any CPU.Build.0 = Debug|Any CPU
		{6BE5679E-228B-4C82-8BD3-EAB047437E6B}.Release|Any CPU.ActiveCfg = Release|Any CPU
		{6BE5679E-228B-4C82-8BD3-EAB047437E6B}.Release|Any CPU.Build.0 = Release|Any CPU
	EndGlobalSection
	GlobalSection(SolutionProperties) = preSolution
		HideSolutionNode = FALSE
	EndGlobalSection
	GlobalSection(ExtensibilityGlobals) = postSolution
		SolutionGuid = {FD2F04FB-528B-41E1-BF0C-41C6D549C39F}
	EndGlobalSection
EndGlobal
