
Microsoft Visual Studio Solution File, Format Version 12.00
# Visual Studio Version 16
VisualStudioVersion = 16.0.29411.108
MinimumVisualStudioVersion = 10.0.40219.1
Project("{FAE04EC0-301F-11D3-BF4B-00C04F79EFBC}") = "Ex05 QuadratoFactoryEcc", "Ex05 QuadratoFactoryEcc\Ex05 QuadratoFactoryEcc.csproj", "{1C115232-852D-4359-989B-B06271E1F15B}"
EndProject
Global
	GlobalSection(SolutionConfigurationPlatforms) = preSolution
		Debug|Any CPU = Debug|Any CPU
		Release|Any CPU = Release|Any CPU
	EndGlobalSection
	GlobalSection(ProjectConfigurationPlatforms) = postSolution
		{1C115232-852D-4359-989B-B06271E1F15B}.Debug|Any CPU.ActiveCfg = Debug|Any CPU
		{1C115232-852D-4359-989B-B06271E1F15B}.Debug|Any CPU.Build.0 = Debug|Any CPU
		{1C115232-852D-4359-989B-B06271E1F15B}.Release|Any CPU.ActiveCfg = Release|Any CPU
		{1C115232-852D-4359-989B-B06271E1F15B}.Release|Any CPU.Build.0 = Release|Any CPU
	EndGlobalSection
	GlobalSection(SolutionProperties) = preSolution
		HideSolutionNode = FALSE
	EndGlobalSection
	GlobalSection(ExtensibilityGlobals) = postSolution
		SolutionGuid = {82B56D9A-E0D8-4676-A7E3-638147132CFD}
	EndGlobalSection
EndGlobal
