
Microsoft Visual Studio Solution File, Format Version 12.00
# Visual Studio Version 16
VisualStudioVersion = 16.0.31624.102
MinimumVisualStudioVersion = 10.0.40219.1
Project("{FAE04EC0-301F-11D3-BF4B-00C04F79EFBC}") = "Ex8pag150", "Ex8pag150\Ex8pag150.csproj", "{90EC94D2-A5E2-446E-9CC4-B9D60E593DA1}"
EndProject
Global
	GlobalSection(SolutionConfigurationPlatforms) = preSolution
		Debug|Any CPU = Debug|Any CPU
		Release|Any CPU = Release|Any CPU
	EndGlobalSection
	GlobalSection(ProjectConfigurationPlatforms) = postSolution
		{90EC94D2-A5E2-446E-9CC4-B9D60E593DA1}.Debug|Any CPU.ActiveCfg = Debug|Any CPU
		{90EC94D2-A5E2-446E-9CC4-B9D60E593DA1}.Debug|Any CPU.Build.0 = Debug|Any CPU
		{90EC94D2-A5E2-446E-9CC4-B9D60E593DA1}.Release|Any CPU.ActiveCfg = Release|Any CPU
		{90EC94D2-A5E2-446E-9CC4-B9D60E593DA1}.Release|Any CPU.Build.0 = Release|Any CPU
	EndGlobalSection
	GlobalSection(SolutionProperties) = preSolution
		HideSolutionNode = FALSE
	EndGlobalSection
	GlobalSection(ExtensibilityGlobals) = postSolution
		SolutionGuid = {A6669489-4DCE-4D23-96F3-B163B2C95990}
	EndGlobalSection
EndGlobal
